{
  "requires": true,
  "lockfileVersion": 1,
  "dependencies": {
    "cordova-plugin-screen-orientation": {
      "version": "2.0.1",
      "resolved": "https://registry.npmjs.org/cordova-plugin-screen-orientation/-/cordova-plugin-screen-orientation-2.0.1.tgz",
      "integrity": "sha1-1gj9bN1+C1i64xB3aKyTCvAf9Dc="
    }
  }
}
